
Microsoft Visual Studio Solution File, Format Version 12.00
# Visual Studio Version 17
VisualStudioVersion = 17.10.35013.160
MinimumVisualStudioVersion = 10.0.40219.1
Project("{FAE04EC0-301F-11D3-BF4B-00C04F79EFBC}") = "Vista", "Vista\Vista.csproj", "{E1734C8A-FD6B-4D2B-B2ED-B31FFC8E38A2}"
	ProjectSection(ProjectDependencies) = postProject
		{6111D2C0-2352-44F1-A978-1DBB8343E74D} = {6111D2C0-2352-44F1-A978-1DBB8343E74D}
		{A9D43132-DFCC-42EC-AF30-1664429559FC} = {A9D43132-DFCC-42EC-AF30-1664429559FC}
		{F2DEA8F0-204F-4602-AF6F-BAF5BBDAF652} = {F2DEA8F0-204F-4602-AF6F-BAF5BBDAF652}
	EndProjectSection
EndProject
Project("{FAE04EC0-301F-11D3-BF4B-00C04F79EFBC}") = "Modelo", "Modelo\Modelo.csproj", "{F2DEA8F0-204F-4602-AF6F-BAF5BBDAF652}"
	ProjectSection(ProjectDependencies) = postProject
		{6111D2C0-2352-44F1-A978-1DBB8343E74D} = {6111D2C0-2352-44F1-A978-1DBB8343E74D}
		{A9D43132-DFCC-42EC-AF30-1664429559FC} = {A9D43132-DFCC-42EC-AF30-1664429559FC}
	EndProjectSection
EndProject
Project("{FAE04EC0-301F-11D3-BF4B-00C04F79EFBC}") = "Controlador", "Controlador\Controlador.csproj", "{6111D2C0-2352-44F1-A978-1DBB8343E74D}"
	ProjectSection(ProjectDependencies) = postProject
		{A9D43132-DFCC-42EC-AF30-1664429559FC} = {A9D43132-DFCC-42EC-AF30-1664429559FC}
	EndProjectSection
EndProject
Project("{FAE04EC0-301F-11D3-BF4B-00C04F79EFBC}") = "Comun", "Comun\Comun.csproj", "{A9D43132-DFCC-42EC-AF30-1664429559FC}"
EndProject
Global
	GlobalSection(SolutionConfigurationPlatforms) = preSolution
		Debug|Any CPU = Debug|Any CPU
		Release|Any CPU = Release|Any CPU
	EndGlobalSection
	GlobalSection(ProjectConfigurationPlatforms) = postSolution
		{E1734C8A-FD6B-4D2B-B2ED-B31FFC8E38A2}.Debug|Any CPU.ActiveCfg = Debug|Any CPU
		{E1734C8A-FD6B-4D2B-B2ED-B31FFC8E38A2}.Debug|Any CPU.Build.0 = Debug|Any CPU
		{E1734C8A-FD6B-4D2B-B2ED-B31FFC8E38A2}.Release|Any CPU.ActiveCfg = Release|Any CPU
		{E1734C8A-FD6B-4D2B-B2ED-B31FFC8E38A2}.Release|Any CPU.Build.0 = Release|Any CPU
		{F2DEA8F0-204F-4602-AF6F-BAF5BBDAF652}.Debug|Any CPU.ActiveCfg = Debug|Any CPU
		{F2DEA8F0-204F-4602-AF6F-BAF5BBDAF652}.Debug|Any CPU.Build.0 = Debug|Any CPU
		{F2DEA8F0-204F-4602-AF6F-BAF5BBDAF652}.Release|Any CPU.ActiveCfg = Release|Any CPU
		{F2DEA8F0-204F-4602-AF6F-BAF5BBDAF652}.Release|Any CPU.Build.0 = Release|Any CPU
		{6111D2C0-2352-44F1-A978-1DBB8343E74D}.Debug|Any CPU.ActiveCfg = Debug|Any CPU
		{6111D2C0-2352-44F1-A978-1DBB8343E74D}.Debug|Any CPU.Build.0 = Debug|Any CPU
		{6111D2C0-2352-44F1-A978-1DBB8343E74D}.Release|Any CPU.ActiveCfg = Release|Any CPU
		{6111D2C0-2352-44F1-A978-1DBB8343E74D}.Release|Any CPU.Build.0 = Release|Any CPU
		{A9D43132-DFCC-42EC-AF30-1664429559FC}.Debug|Any CPU.ActiveCfg = Debug|Any CPU
		{A9D43132-DFCC-42EC-AF30-1664429559FC}.Debug|Any CPU.Build.0 = Debug|Any CPU
		{A9D43132-DFCC-42EC-AF30-1664429559FC}.Release|Any CPU.ActiveCfg = Release|Any CPU
		{A9D43132-DFCC-42EC-AF30-1664429559FC}.Release|Any CPU.Build.0 = Release|Any CPU
	EndGlobalSection
	GlobalSection(SolutionProperties) = preSolution
		HideSolutionNode = FALSE
	EndGlobalSection
	GlobalSection(ExtensibilityGlobals) = postSolution
		SolutionGuid = {C41CA8A5-82E4-460E-98C5-633154033C7A}
	EndGlobalSection
EndGlobal
